Microsoft Visual Studio Solution File, Format Version 11.00
# Visual Studio 2008

Project("{92B03931-BB1B-1FE1-140B-527B14AA9D92}") = "1992Shader", "Assembly-CSharp.csproj", "{EF1823EE-DE59-CBF2-99B1-E0F0596160AF}"
EndProject
Project("{92B03931-BB1B-1FE1-140B-527B14AA9D92}") = "1992Shader", "Assembly-CSharp-Editor.csproj", "{62C9D4CC-CD96-8B76-60E5-031EF2DEBABD}"
EndProject
Global
	GlobalSection(SolutionConfigurationPlatforms) = preSolution
		Debug|Any CPU = Debug|Any CPU
		Release|Any CPU = Release|Any CPU
	EndGlobalSection
	GlobalSection(ProjectConfigurationPlatforms) = postSolution
		{EF1823EE-DE59-CBF2-99B1-E0F0596160AF}.Debug|Any CPU.ActiveCfg = Debug|Any CPU
		{EF1823EE-DE59-CBF2-99B1-E0F0596160AF}.Debug|Any CPU.Build.0 = Debug|Any CPU
		{EF1823EE-DE59-CBF2-99B1-E0F0596160AF}.Release|Any CPU.ActiveCfg = Release|Any CPU
		{EF1823EE-DE59-CBF2-99B1-E0F0596160AF}.Release|Any CPU.Build.0 = Release|Any CPU
		{62C9D4CC-CD96-8B76-60E5-031EF2DEBABD}.Debug|Any CPU.ActiveCfg = Debug|Any CPU
		{62C9D4CC-CD96-8B76-60E5-031EF2DEBABD}.Debug|Any CPU.Build.0 = Debug|Any CPU
		{62C9D4CC-CD96-8B76-60E5-031EF2DEBABD}.Release|Any CPU.ActiveCfg = Release|Any CPU
		{62C9D4CC-CD96-8B76-60E5-031EF2DEBABD}.Release|Any CPU.Build.0 = Release|Any CPU
	EndGlobalSection
	GlobalSection(SolutionProperties) = preSolution
		HideSolutionNode = FALSE
	EndGlobalSection
	GlobalSection(MonoDevelopProperties) = preSolution
		StartupItem = Assembly-CSharp.csproj
	EndGlobalSection
EndGlobal
