
Microsoft Visual Studio Solution File, Format Version 12.00
# Visual Studio 2015
Project("{FAE04EC0-301F-11D3-BF4B-00C04F79EFBC}") = "1992Shader", "1992Shader.csproj", "{ED0423A3-CA46-9A63-8BC1-76370BFAE88F}"
EndProject
Project("{FAE04EC0-301F-11D3-BF4B-00C04F79EFBC}") = "1992Shader.Editor", "1992Shader.Editor.csproj", "{DBC36AED-8768-F2F6-BFE4-0D87FC05D94A}"
EndProject
Global
	GlobalSection(SolutionConfigurationPlatforms) = preSolution
		Debug|Any CPU = Debug|Any CPU
		Release|Any CPU = Release|Any CPU
	EndGlobalSection
	GlobalSection(ProjectConfigurationPlatforms) = postSolution
		{ED0423A3-CA46-9A63-8BC1-76370BFAE88F}.Debug|Any CPU.ActiveCfg = Debug|Any CPU
		{ED0423A3-CA46-9A63-8BC1-76370BFAE88F}.Debug|Any CPU.Build.0 = Debug|Any CPU
		{ED0423A3-CA46-9A63-8BC1-76370BFAE88F}.Release|Any CPU.ActiveCfg = Release|Any CPU
		{ED0423A3-CA46-9A63-8BC1-76370BFAE88F}.Release|Any CPU.Build.0 = Release|Any CPU
		{DBC36AED-8768-F2F6-BFE4-0D87FC05D94A}.Debug|Any CPU.ActiveCfg = Debug|Any CPU
		{DBC36AED-8768-F2F6-BFE4-0D87FC05D94A}.Debug|Any CPU.Build.0 = Debug|Any CPU
		{DBC36AED-8768-F2F6-BFE4-0D87FC05D94A}.Release|Any CPU.ActiveCfg = Release|Any CPU
		{DBC36AED-8768-F2F6-BFE4-0D87FC05D94A}.Release|Any CPU.Build.0 = Release|Any CPU
	EndGlobalSection
	GlobalSection(SolutionProperties) = preSolution
		HideSolutionNode = FALSE
	EndGlobalSection
EndGlobal
